
Microsoft Visual Studio Solution File, Format Version 12.00
# Visual Studio Version 17
VisualStudioVersion = 17.6.33801.468
MinimumVisualStudioVersion = 10.0.40219.1
Project("{FAE04EC0-301F-11D3-BF4B-00C04F79EFBC}") = "RegisterAndLoginApp", "RegisterAndLoginApp\RegisterAndLoginApp.csproj", "{A116C56F-D548-430B-A214-3702CE5282E5}"
EndProject
Global
	GlobalSection(SolutionConfigurationPlatforms) = preSolution
		Debug|Any CPU = Debug|Any CPU
		Release|Any CPU = Release|Any CPU
	EndGlobalSection
	GlobalSection(ProjectConfigurationPlatforms) = postSolution
		{A116C56F-D548-430B-A214-3702CE5282E5}.Debug|Any CPU.ActiveCfg = Debug|Any CPU
		{A116C56F-D548-430B-A214-3702CE5282E5}.Debug|Any CPU.Build.0 = Debug|Any CPU
		{A116C56F-D548-430B-A214-3702CE5282E5}.Release|Any CPU.ActiveCfg = Release|Any CPU
		{A116C56F-D548-430B-A214-3702CE5282E5}.Release|Any CPU.Build.0 = Release|Any CPU
	EndGlobalSection
	GlobalSection(SolutionProperties) = preSolution
		HideSolutionNode = FALSE
	EndGlobalSection
	GlobalSection(ExtensibilityGlobals) = postSolution
		SolutionGuid = {7918EFF6-A2B9-4C13-822A-839FE9B7B8A7}
	EndGlobalSection
EndGlobal
